
Microsoft Visual Studio Solution File, Format Version 12.00
# Visual Studio 2015
Project("{FAE04EC0-301F-11D3-BF4B-00C04F79EFBC}") = "EndoHelper", "EndoHelper.csproj", "{3FD510D8-D7D9-5F29-6543-ECF24BC59963}"
EndProject
Global
	GlobalSection(SolutionConfigurationPlatforms) = preSolution
		Debug|Any CPU = Debug|Any CPU
		Release|Any CPU = Release|Any CPU
	EndGlobalSection
	GlobalSection(ProjectConfigurationPlatforms) = postSolution
		{3FD510D8-D7D9-5F29-6543-ECF24BC59963}.Debug|Any CPU.ActiveCfg = Debug|Any CPU
		{3FD510D8-D7D9-5F29-6543-ECF24BC59963}.Debug|Any CPU.Build.0 = Debug|Any CPU
		{3FD510D8-D7D9-5F29-6543-ECF24BC59963}.Release|Any CPU.ActiveCfg = Release|Any CPU
		{3FD510D8-D7D9-5F29-6543-ECF24BC59963}.Release|Any CPU.Build.0 = Release|Any CPU
	EndGlobalSection
	GlobalSection(SolutionProperties) = preSolution
		HideSolutionNode = FALSE
	EndGlobalSection
EndGlobal
